{
  "name": "agentguard-codex-agent-image",
  "lockfileVersion": 3,
  "requires": true,
  "packages": {
    "": {
      "dependencies": {
        "@openai/codex": "0.159.2",
        "@openai/codex-linux-x64": "npm:@openai/codex@0.159.2-linux-x64"
      }
    },
    "node_modules/@openai/codex": {
      "version": "0.159.2",
      "resolved": "https://registry.npmjs.org/@openai/codex/-/codex-0.159.2.tgz",
      "integrity": "sha512-SE13C3nZCYoVL569BdegoOl6vwjb7o2sXOo7ivwVzaVoY0cswwi0/6pIE0TyO/C0vIkQh3jslExitET7PBTfIg==",
      "bin": {
        "codex": "bin/codex.js"
      },
      "optionalDependencies": {
        "@openai/codex-darwin-arm64": "npm:@openai/codex@0.159.2-darwin-arm64",
        "@openai/codex-darwin-x64": "npm:@openai/codex@0.159.2-darwin-x64",
        "@openai/codex-linux-arm64": "npm:@openai/codex@0.159.2-linux-arm64",
        "@openai/codex-linux-x64": "npm:@openai/codex@0.159.2-linux-x64",
        "@openai/codex-win32-arm64": "npm:@openai/codex@0.159.2-win32-arm64",
        "@openai/codex-win32-x64": "npm:@openai/codex@0.159.2-win32-x64"
      }
    },
    "node_modules/@openai/codex-linux-x64": {
      "name": "@openai/codex",
      "version": "0.159.2-linux-x64",
      "resolved": "https://registry.npmjs.org/@openai/codex/-/codex-0.159.2-linux-x64.tgz",
      "integrity": "sha512-RrCZ1X52wpa1lOsXtCtSyhjOFdQPh7LH5Ccv8HsKmd/2UXbUwxXFqWXFK3JzatquUNGtW/TLox5Y7qVOGkV0/Q==",
      "cpu": [
        "x64"
      ],
      "os": [
        "linux"
      ],
      "optional": true
    }
  }
}
